
Microsoft Visual Studio Solution File, Format Version 12.00
# Visual Studio Version 17
VisualStudioVersion = 17.11.35222.181
MinimumVisualStudioVersion = 10.0.40219.1
Project("{9A19103F-16F7-4668-BE54-9A1E7A4F7556}") = "StavteClassy", "StavteClassy.csproj", "{DEABD80E-5FA6-4BDA-A2C9-99736EB6476C}"
EndProject
Global
	GlobalSection(SolutionConfigurationPlatforms) = preSolution
		Debug|Any CPU = Debug|Any CPU
		Release|Any CPU = Release|Any CPU
	EndGlobalSection
	GlobalSection(ProjectConfigurationPlatforms) = postSolution
		{DEABD80E-5FA6-4BDA-A2C9-99736EB6476C}.Debug|Any CPU.ActiveCfg = Debug|Any CPU
		{DEABD80E-5FA6-4BDA-A2C9-99736EB6476C}.Debug|Any CPU.Build.0 = Debug|Any CPU
		{DEABD80E-5FA6-4BDA-A2C9-99736EB6476C}.Release|Any CPU.ActiveCfg = Release|Any CPU
		{DEABD80E-5FA6-4BDA-A2C9-99736EB6476C}.Release|Any CPU.Build.0 = Release|Any CPU
	EndGlobalSection
	GlobalSection(SolutionProperties) = preSolution
		HideSolutionNode = FALSE
	EndGlobalSection
	GlobalSection(ExtensibilityGlobals) = postSolution
		SolutionGuid = {D623B5F1-AC41-4CCA-B7AD-F08108C07031}
	EndGlobalSection
EndGlobal
